// !$*UTF8*$!
{
	archiveVersion = 1;
	classes = {
	};
	objectVersion = 46;
	objects = {

/* Begin PBXBuildFile section */
		E9AF9BA51C8916020020B83E /* AppDelegate.swift in Sources */ = {isa = PBXBuildFile; fileRef = E9AF9BA41C8916020020B83E /* AppDelegate.swift */; };
		E9AF9BA71C8916020020B83E /* ViewController.swift in Sources */ = {isa = PBXBuildFile; fileRef = E9AF9BA61C8916020020B83E /* ViewController.swift */; };
		E9AF9BAA1C8916030020B83E /* Main.storyboard in Resources */ = {isa = PBXBuildFile; fileRef = E9AF9BA81C8916030020B83E /* Main.storyboard */; };
		E9AF9BAC1C8916030020B83E /* Assets.xcassets in Resources */ = {isa = PBXBuildFile; fileRef = E9AF9BAB1C8916030020B83E /* Assets.xcassets */; };
		E9AF9BAF1C8916030020B83E /* LaunchScreen.storyboard in Resources */ = {isa = PBXBuildFile; fileRef = E9AF9BAD1C8916030020B83E /* LaunchScreen.storyboard */; };
		E9AF9BBA1C8916040020B83E /* DungeonOOPTests.swift in Sources */ = {isa = PBXBuildFile; fileRef = E9AF9BB91C8916040020B83E /* DungeonOOPTests.swift */; };
		E9AF9BC51C8916060020B83E /* DungeonOOPUITests.swift in Sources */ = {isa = PBXBuildFile; fileRef = E9AF9BC41C8916060020B83E /* DungeonOOPUITests.swift */; };
		E9AF9BD31C8916440020B83E /* Character.swift in Sources */ = {isa = PBXBuildFile; fileRef = E9AF9BD21C8916440020B83E /* Character.swift */; };
		E9AF9BD91C8A14800020B83E /* Enemy.swift in Sources */ = {isa = PBXBuildFile; fileRef = E9AF9BD81C8A14800020B83E /* Enemy.swift */; };
		E9AF9BDB1C8A981C0020B83E /* enemyMid.swift in Sources */ = {isa = PBXBuildFile; fileRef = E9AF9BDA1C8A981C0020B83E /* enemyMid.swift */; };
/* End PBXBuildFile section */

/* Begin PBXContainerItemProxy section */
		E9AF9BB61C8916030020B83E /* PBXContainerItemProxy */ = {
			isa = PBXContainerItemProxy;
			containerPortal = E9AF9B991C8916010020B83E /* Project object */;
			proxyType = 1;
			remoteGlobalIDString = E9AF9BA01C8916020020B83E;
			remoteInfo = DungeonOOP;
		};
		E9AF9BC11C8916040020B83E /* PBXContainerItemProxy */ = {
			isa = PBXContainerItemProxy;
			containerPortal = E9AF9B991C8916010020B83E /* Project object */;
			proxyType = 1;
			remoteGlobalIDString = E9AF9BA01C8916020020B83E;
			remoteInfo = DungeonOOP;
		};
/* End PBXContainerItemProxy section */

/* Begin PBXFileReference section */
		E9AF9BA11C8916020020B83E /* DungeonOOP.app */ = {isa = PBXFileReference; explicitFileType = wrapper.application; includeInIndex = 0; path = DungeonOOP.app; sourceTree = BUILT_PRODUCTS_DIR; };
		E9AF9BA41C8916020020B83E /* AppDelegate.swift */ = {isa = PBXFileReference; lastKnownFileType = sourcecode.swift; path = AppDelegate.swift; sourceTree = "<group>"; };
		E9AF9BA61C8916020020B83E /* ViewController.swift */ = {isa = PBXFileReference; lastKnownFileType = sourcecode.swift; path = ViewController.swift; sourceTree = "<group>"; };
		E9AF9BA91C8916030020B83E /* Base */ = {isa = PBXFileReference; lastKnownFileType = file.storyboard; name = Base; path = Base.lproj/Main.storyboard; sourceTree = "<group>"; };
		E9AF9BAB1C8916030020B83E /* Assets.xcassets */ = {isa = PBXFileReference; lastKnownFileType = folder.assetcatalog; path = Assets.xcassets; sourceTree = "<group>"; };
		E9AF9BAE1C8916030020B83E /* Base */ = {isa = PBXFileReference; lastKnownFileType = file.storyboard; name = Base; path = Base.lproj/LaunchScreen.storyboard; sourceTree = "<group>"; };
		E9AF9BB01C8916030020B83E /* Info.plist */ = {isa = PBXFileReference; lastKnownFileType = text.plist.xml; path = Info.plist; sourceTree = "<group>"; };
		E9AF9BB51C8916030020B83E /* DungeonOOPTests.xctest */ = {isa = PBXFileReference; explicitFileType = wrapper.cfbundle; includeInIndex = 0; path = DungeonOOPTests.xctest; sourceTree = BUILT_PRODUCTS_DIR; };
		E9AF9BB91C8916040020B83E /* DungeonOOPTests.swift */ = {isa = PBXFileReference; lastKnownFileType = sourcecode.swift; path = DungeonOOPTests.swift; sourceTree = "<group>"; };
		E9AF9BBB1C8916040020B83E /* Info.plist */ = {isa = PBXFileReference; lastKnownFileType = text.plist.xml; path = Info.plist; sourceTree = "<group>"; };
		E9AF9BC01C8916040020B83E /* DungeonOOPUITests.xctest */ = {isa = PBXFileReference; explicitFileType = wrapper.cfbundle; includeInIndex = 0; path = DungeonOOPUITests.xctest; sourceTree = BUILT_PRODUCTS_DIR; };
		E9AF9BC41C8916060020B83E /* DungeonOOPUITests.swift */ = {isa = PBXFileReference; lastKnownFileType = sourcecode.swift; path = DungeonOOPUITests.swift; sourceTree = "<group>"; };
		E9AF9BC61C8916060020B83E /* Info.plist */ = {isa = PBXFileReference; lastKnownFileType = text.plist.xml; path = Info.plist; sourceTree = "<group>"; };
		E9AF9BD21C8916440020B83E /* Character.swift */ = {isa = PBXFileReference; fileEncoding = 4; lastKnownFileType = sourcecode.swift; path = Character.swift; sourceTree = "<group>"; };
		E9AF9BD81C8A14800020B83E /* Enemy.swift */ = {isa = PBXFileReference; fileEncoding = 4; lastKnownFileType = sourcecode.swift; path = Enemy.swift; sourceTree = "<group>"; };
		E9AF9BDA1C8A981C0020B83E /* enemyMid.swift */ = {isa = PBXFileReference; fileEncoding = 4; lastKnownFileType = sourcecode.swift; path = enemyMid.swift; sourceTree = "<group>"; };
/* End PBXFileReference section */

/* Begin PBXFrameworksBuildPhase section */
		E9AF9B9E1C8916020020B83E /* Frameworks */ = {
			isa = PBXFrameworksBuildPhase;
			buildActionMask = 2147483647;
			files = (
			);
			runOnlyForDeploymentPostprocessing = 0;
		};
		E9AF9BB21C8916030020B83E /* Frameworks */ = {
			isa = PBXFrameworksBuildPhase;
			buildActionMask = 2147483647;
			files = (
			);
			runOnlyForDeploymentPostprocessing = 0;
		};
		E9AF9BBD1C8916040020B83E /* Frameworks */ = {
			isa = PBXFrameworksBuildPhase;
			buildActionMask = 2147483647;
			files = (
			);
			runOnlyForDeploymentPostprocessing = 0;
		};
/* End PBXFrameworksBuildPhase section */

/* Begin PBXGroup section */
		E9AF9B981C8916000020B83E = {
			isa = PBXGroup;
			children = (
				E9AF9BA31C8916020020B83E /* DungeonOOP */,
				E9AF9BB81C8916030020B83E /* DungeonOOPTests */,
				E9AF9BC31C8916050020B83E /* DungeonOOPUITests */,
				E9AF9BA21C8916020020B83E /* Products */,
			);
			sourceTree = "<group>";
		};
		E9AF9BA21C8916020020B83E /* Products */ = {
			isa = PBXGroup;
			children = (
				E9AF9BA11C8916020020B83E /* DungeonOOP.app */,
				E9AF9BB51C8916030020B83E /* DungeonOOPTests.xctest */,
				E9AF9BC01C8916040020B83E /* DungeonOOPUITests.xctest */,
			);
			name = Products;
			sourceTree = "<group>";
		};
		E9AF9BA31C8916020020B83E /* DungeonOOP */ = {
			isa = PBXGroup;
			children = (
				E9AF9BA41C8916020020B83E /* AppDelegate.swift */,
				E9AF9BA61C8916020020B83E /* ViewController.swift */,
				E9AF9BA81C8916030020B83E /* Main.storyboard */,
				E9AF9BAB1C8916030020B83E /* Assets.xcassets */,
				E9AF9BAD1C8916030020B83E /* LaunchScreen.storyboard */,
				E9AF9BB01C8916030020B83E /* Info.plist */,
				E9AF9BD21C8916440020B83E /* Character.swift */,
				E9AF9BD81C8A14800020B83E /* Enemy.swift */,
				E9AF9BDA1C8A981C0020B83E /* enemyMid.swift */,
			);
			path = DungeonOOP;
			sourceTree = "<group>";
		};
		E9AF9BB81C8916030020B83E /* DungeonOOPTests */ = {
			isa = PBXGroup;
			children = (
				E9AF9BB91C8916040020B83E /* DungeonOOPTests.swift */,
				E9AF9BBB1C8916040020B83E /* Info.plist */,
			);
			path = DungeonOOPTests;
			sourceTree = "<group>";
		};
		E9AF9BC31C8916050020B83E /* DungeonOOPUITests */ = {
			isa = PBXGroup;
			children = (
				E9AF9BC41C8916060020B83E /* DungeonOOPUITests.swift */,
				E9AF9BC61C8916060020B83E /* Info.plist */,
			);
			path = DungeonOOPUITests;
			sourceTree = "<group>";
		};
/* End PBXGroup section */

/* Begin PBXNativeTarget section */
		E9AF9BA01C8916020020B83E /* DungeonOOP */ = {
			isa = PBXNativeTarget;
			buildConfigurationList = E9AF9BC91C8916060020B83E /* Build configuration list for PBXNativeTarget "DungeonOOP" */;
			buildPhases = (
				E9AF9B9D1C8916020020B83E /* Sources */,
				E9AF9B9E1C8916020020B83E /* Frameworks */,
				E9AF9B9F1C8916020020B83E /* Resources */,
			);
			buildRules = (
			);
			dependencies = (
			);
			name = DungeonOOP;
			productName = DungeonOOP;
			productReference = E9AF9BA11C8916020020B83E /* DungeonOOP.app */;
			productType = "com.apple.product-type.application";
		};
		E9AF9BB41C8916030020B83E /* DungeonOOPTests */ = {
			isa = PBXNativeTarget;
			buildConfigurationList = E9AF9BCC1C8916060020B83E /* Build configuration list for PBXNativeTarget "DungeonOOPTests" */;
			buildPhases = (
				E9AF9BB11C8916030020B83E /* Sources */,
				E9AF9BB21C8916030020B83E /* Frameworks */,
				E9AF9BB31C8916030020B83E /* Resources */,
			);
			buildRules = (
			);
			dependencies = (
				E9AF9BB71C8916030020B83E /* PBXTargetDependency */,
			);
			name = DungeonOOPTests;
			productName = DungeonOOPTests;
			productReference = E9AF9BB51C8916030020B83E /* DungeonOOPTests.xctest */;
			productType = "com.apple.product-type.bundle.unit-test";
		};
		E9AF9BBF1C8916040020B83E /* DungeonOOPUITests */ = {
			isa = PBXNativeTarget;
			buildConfigurationList = E9AF9BCF1C8916060020B83E /* Build configuration list for PBXNativeTarget "DungeonOOPUITests" */;
			buildPhases = (
				E9AF9BBC1C8916040020B83E /* Sources */,
				E9AF9BBD1C8916040020B83E /* Frameworks */,
				E9AF9BBE1C8916040020B83E /* Resources */,
			);
			buildRules = (
			);
			dependencies = (
				E9AF9BC21C8916040020B83E /* PBXTargetDependency */,
			);
			name = DungeonOOPUITests;
			productName = DungeonOOPUITests;
			productReference = E9AF9BC01C8916040020B83E /* DungeonOOPUITests.xctest */;
			productType = "com.apple.product-type.bundle.ui-testing";
		};
/* End PBXNativeTarget section */

/* Begin PBXProject section */
		E9AF9B991C8916010020B83E /* Project object */ = {
			isa = PBXProject;
			attributes = {
				LastSwiftUpdateCheck = 0720;
				LastUpgradeCheck = 0720;
				ORGANIZATIONNAME = Herban;
				TargetAttributes = {
					E9AF9BA01C8916020020B83E = {
						CreatedOnToolsVersion = 7.2.1;
						DevelopmentTeam = RJNMP7GN27;
						LastSwiftMigration = 0820;
					};
					E9AF9BB41C8916030020B83E = {
						CreatedOnToolsVersion = 7.2.1;
						DevelopmentTeam = RJNMP7GN27;
						LastSwiftMigration = 0820;
						TestTargetID = E9AF9BA01C8916020020B83E;
					};
					E9AF9BBF1C8916040020B83E = {
						CreatedOnToolsVersion = 7.2.1;
						DevelopmentTeam = RJNMP7GN27;
						LastSwiftMigration = 0820;
						TestTargetID = E9AF9BA01C8916020020B83E;
					};
				};
			};
			buildConfigurationList = E9AF9B9C1C8916010020B83E /* Build configuration list for PBXProject "DungeonOOP" */;
			compatibilityVersion = "Xcode 3.2";
			developmentRegion = English;
			hasScannedForEncodings = 0;
			knownRegions = (
				en,
				Base,
			);
			mainGroup = E9AF9B981C8916000020B83E;
			productRefGroup = E9AF9BA21C8916020020B83E /* Products */;
			projectDirPath = "";
			projectRoot = "";
			targets = (
				E9AF9BA01C8916020020B83E /* DungeonOOP */,
				E9AF9BB41C8916030020B83E /* DungeonOOPTests */,
				E9AF9BBF1C8916040020B83E /* DungeonOOPUITests */,
			);
		};
/* End PBXProject section */

/* Begin PBXResourcesBuildPhase section */
		E9AF9B9F1C8916020020B83E /* Resources */ = {
			isa = PBXResourcesBuildPhase;
			buildActionMask = 2147483647;
			files = (
				E9AF9BAF1C8916030020B83E /* LaunchScreen.storyboard in Resources */,
				E9AF9BAC1C8916030020B83E /* Assets.xcassets in Resources */,
				E9AF9BAA1C8916030020B83E /* Main.storyboard in Resources */,
			);
			runOnlyForDeploymentPostprocessing = 0;
		};
		E9AF9BB31C8916030020B83E /* Resources */ = {
			isa = PBXResourcesBuildPhase;
			buildActionMask = 2147483647;
			files = (
			);
			runOnlyForDeploymentPostprocessing = 0;
		};
		E9AF9BBE1C8916040020B83E /* Resources */ = {
			isa = PBXResourcesBuildPhase;
			buildActionMask = 2147483647;
			files = (
			);
			runOnlyForDeploymentPostprocessing = 0;
		};
/* End PBXResourcesBuildPhase section */

/* Begin PBXSourcesBuildPhase section */
		E9AF9B9D1C8916020020B83E /* Sources */ = {
			isa = PBXSourcesBuildPhase;
			buildActionMask = 2147483647;
			files = (
				E9AF9BD91C8A14800020B83E /* Enemy.swift in Sources */,
				E9AF9BDB1C8A981C0020B83E /* enemyMid.swift in Sources */,
				E9AF9BD31C8916440020B83E /* Character.swift in Sources */,
				E9AF9BA71C8916020020B83E /* ViewController.swift in Sources */,
				E9AF9BA51C8916020020B83E /* AppDelegate.swift in Sources */,
			);
			runOnlyForDeploymentPostprocessing = 0;
		};
		E9AF9BB11C8916030020B83E /* Sources */ = {
			isa = PBXSourcesBuildPhase;
			buildActionMask = 2147483647;
			files = (
				E9AF9BBA1C8916040020B83E /* DungeonOOPTests.swift in Sources */,
			);
			runOnlyForDeploymentPostprocessing = 0;
		};
		E9AF9BBC1C8916040020B83E /* Sources */ = {
			isa = PBXSourcesBuildPhase;
			buildActionMask = 2147483647;
			files = (
				E9AF9BC51C8916060020B83E /* DungeonOOPUITests.swift in Sources */,
			);
			runOnlyForDeploymentPostprocessing = 0;
		};
/* End PBXSourcesBuildPhase section */

/* Begin PBXTargetDependency section */
		E9AF9BB71C8916030020B83E /* PBXTargetDependency */ = {
			isa = PBXTargetDependency;
			target = E9AF9BA01C8916020020B83E /* DungeonOOP */;
			targetProxy = E9AF9BB61C8916030020B83E /* PBXContainerItemProxy */;
		};
		E9AF9BC21C8916040020B83E /* PBXTargetDependency */ = {
			isa = PBXTargetDependency;
			target = E9AF9BA01C8916020020B83E /* DungeonOOP */;
			targetProxy = E9AF9BC11C8916040020B83E /* PBXContainerItemProxy */;
		};
/* End PBXTargetDependency section */

/* Begin PBXVariantGroup section */
		E9AF9BA81C8916030020B83E /* Main.storyboard */ = {
			isa = PBXVariantGroup;
			children = (
				E9AF9BA91C8916030020B83E /* Base */,
			);
			name = Main.storyboard;
			sourceTree = "<group>";
		};
		E9AF9BAD1C8916030020B83E /* LaunchScreen.storyboard */ = {
			isa = PBXVariantGroup;
			children = (
				E9AF9BAE1C8916030020B83E /* Base */,
			);
			name = LaunchScreen.storyboard;
			sourceTree = "<group>";
		};
/* End PBXVariantGroup section */

/* Begin XCBuildConfiguration section */
		E9AF9BC71C8916060020B83E /* Debug */ = {
			isa = XCBuildConfiguration;
			buildSettings = {
				ALWAYS_SEARCH_USER_PATHS = NO;
				CLANG_CXX_LANGUAGE_STANDARD = "gnu++0x";
				CLANG_CXX_LIBRARY = "libc++";
				CLANG_ENABLE_MODULES = YES;
				CLANG_ENABLE_OBJC_ARC = YES;
				CLANG_WARN_BOOL_CONVERSION = YES;
				CLANG_WARN_CONSTANT_CONVERSION = YES;
				CLANG_WARN_DIRECT_OBJC_ISA_USAGE = YES_ERROR;
				CLANG_WARN_EMPTY_BODY = YES;
				CLANG_WARN_ENUM_CONVERSION = YES;
				CLANG_WARN_INT_CONVERSION = YES;
				CLANG_WARN_OBJC_ROOT_CLASS = YES_ERROR;
				CLANG_WARN_UNREACHABLE_CODE = YES;
				CLANG_WARN__DUPLICATE_METHOD_MATCH = YES;
				"CODE_SIGN_IDENTITY[sdk=iphoneos*]" = "iPhone Developer";
				COPY_PHASE_STRIP = NO;
				DEBUG_INFORMATION_FORMAT = dwarf;
				ENABLE_STRICT_OBJC_MSGSEND = YES;
				ENABLE_TESTABILITY = YES;
				GCC_C_LANGUAGE_STANDARD = gnu99;
				GCC_DYNAMIC_NO_PIC = NO;
				GCC_NO_COMMON_BLOCKS = YES;
				GCC_OPTIMIZATION_LEVEL = 0;
				GCC_PREPROCESSOR_DEFINITIONS = (
					"DEBUG=1",
					"$(inherited)",
				);
				GCC_WARN_64_TO_32_BIT_CONVERSION = YES;
				GCC_WARN_ABOUT_RETURN_TYPE = YES_ERROR;
				GCC_WARN_UNDECLARED_SELECTOR = YES;
				GCC_WARN_UNINITIALIZED_AUTOS = YES_AGGRESSIVE;
				GCC_WARN_UNUSED_FUNCTION = YES;
				GCC_WARN_UNUSED_VARIABLE = YES;
				IPHONEOS_DEPLOYMENT_TARGET = 9.2;
				MTL_ENABLE_DEBUG_INFO = YES;
				ONLY_ACTIVE_ARCH = YES;
				SDKROOT = iphoneos;
				SWIFT_OPTIMIZATION_LEVEL = "-Onone";
				TARGETED_DEVICE_FAMILY = "1,2";
			};
			name = Debug;
		};
		E9AF9BC81C8916060020B83E /* Release */ = {
			isa = XCBuildConfiguration;
			buildSettings = {
				ALWAYS_SEARCH_USER_PATHS = NO;
				CLANG_CXX_LANGUAGE_STANDARD = "gnu++0x";
				CLANG_CXX_LIBRARY = "libc++";
				CLANG_ENABLE_MODULES = YES;
				CLANG_ENABLE_OBJC_ARC = YES;
				CLANG_WARN_BOOL_CONVERSION = YES;
				CLANG_WARN_CONSTANT_CONVERSION = YES;
				CLANG_WARN_DIRECT_OBJC_ISA_USAGE = YES_ERROR;
				CLANG_WARN_EMPTY_BODY = YES;
				CLANG_WARN_ENUM_CONVERSION = YES;
				CLANG_WARN_INT_CONVERSION = YES;
				CLANG_WARN_OBJC_ROOT_CLASS = YES_ERROR;
				CLANG_WARN_UNREACHABLE_CODE = YES;
				CLANG_WARN__DUPLICATE_METHOD_MATCH = YES;
				"CODE_SIGN_IDENTITY[sdk=iphoneos*]" = "iPhone Developer";
				COPY_PHASE_STRIP = NO;
				DEBUG_INFORMATION_FORMAT = "dwarf-with-dsym";
				ENABLE_NS_ASSERTIONS = NO;
				ENABLE_STRICT_OBJC_MSGSEND = YES;
				GCC_C_LANGUAGE_STANDARD = gnu99;
				GCC_NO_COMMON_BLOCKS = YES;
				GCC_WARN_64_TO_32_BIT_CONVERSION = YES;
				GCC_WARN_ABOUT_RETURN_TYPE = YES_ERROR;
				GCC_WARN_UNDECLARED_SELECTOR = YES;
				GCC_WARN_UNINITIALIZED_AUTOS = YES_AGGRESSIVE;
				GCC_WARN_UNUSED_FUNCTION = YES;
				GCC_WARN_UNUSED_VARIABLE = YES;
				IPHONEOS_DEPLOYMENT_TARGET = 9.2;
				MTL_ENABLE_DEBUG_INFO = NO;
				SDKROOT = iphoneos;
				TARGETED_DEVICE_FAMILY = "1,2";
				VALIDATE_PRODUCT = YES;
			};
			name = Release;
		};
		E9AF9BCA1C8916060020B83E /* Debug */ = {
			isa = XCBuildConfiguration;
			buildSettings = {
				ASSETCATALOG_COMPILER_APPICON_NAME = AppIcon;
				INFOPLIST_FILE = DungeonOOP/Info.plist;
				LD_RUNPATH_SEARCH_PATHS = "$(inherited) @executable_path/Frameworks";
				PRODUCT_BUNDLE_IDENTIFIER = com.herban.DungeonOOP;
				PRODUCT_NAME = "$(TARGET_NAME)";
				SWIFT_VERSION = 3.0;
			};
			name = Debug;
		};
		E9AF9BCB1C8916060020B83E /* Release */ = {
			isa = XCBuildConfiguration;
			buildSettings = {
				ASSETCATALOG_COMPILER_APPICON_NAME = AppIcon;
				INFOPLIST_FILE = DungeonOOP/Info.plist;
				LD_RUNPATH_SEARCH_PATHS = "$(inherited) @executable_path/Frameworks";
				PRODUCT_BUNDLE_IDENTIFIER = com.herban.DungeonOOP;
				PRODUCT_NAME = "$(TARGET_NAME)";
				SWIFT_VERSION = 3.0;
			};
			name = Release;
		};
		E9AF9BCD1C8916060020B83E /* Debug */ = {
			isa = XCBuildConfiguration;
			buildSettings = {
				BUNDLE_LOADER = "$(TEST_HOST)";
				INFOPLIST_FILE = DungeonOOPTests/Info.plist;
				LD_RUNPATH_SEARCH_PATHS = "$(inherited) @executable_path/Frameworks @loader_path/Frameworks";
				PRODUCT_BUNDLE_IDENTIFIER = com.herban.DungeonOOPTests;
				PRODUCT_NAME = "$(TARGET_NAME)";
				SWIFT_VERSION = 3.0;
				TEST_HOST = "$(BUILT_PRODUCTS_DIR)/DungeonOOP.app/DungeonOOP";
			};
			name = Debug;
		};
		E9AF9BCE1C8916060020B83E /* Release */ = {
			isa = XCBuildConfiguration;
			buildSettings = {
				BUNDLE_LOADER = "$(TEST_HOST)";
				INFOPLIST_FILE = DungeonOOPTests/Info.plist;
				LD_RUNPATH_SEARCH_PATHS = "$(inherited) @executable_path/Frameworks @loader_path/Frameworks";
				PRODUCT_BUNDLE_IDENTIFIER = com.herban.DungeonOOPTests;
				PRODUCT_NAME = "$(TARGET_NAME)";
				SWIFT_VERSION = 3.0;
				TEST_HOST = "$(BUILT_PRODUCTS_DIR)/DungeonOOP.app/DungeonOOP";
			};
			name = Release;
		};
		E9AF9BD01C8916060020B83E /* Debug */ = {
			isa = XCBuildConfiguration;
			buildSettings = {
				INFOPLIST_FILE = DungeonOOPUITests/Info.plist;
				LD_RUNPATH_SEARCH_PATHS = "$(inherited) @executable_path/Frameworks @loader_path/Frameworks";
				PRODUCT_BUNDLE_IDENTIFIER = com.herban.DungeonOOPUITests;
				PRODUCT_NAME = "$(TARGET_NAME)";
				SWIFT_VERSION = 3.0;
				TEST_TARGET_NAME = DungeonOOP;
				USES_XCTRUNNER = YES;
			};
			name = Debug;
		};
		E9AF9BD11C8916060020B83E /* Release */ = {
			isa = XCBuildConfiguration;
			buildSettings = {
				INFOPLIST_FILE = DungeonOOPUITests/Info.plist;
				LD_RUNPATH_SEARCH_PATHS = "$(inherited) @executable_path/Frameworks @loader_path/Frameworks";
				PRODUCT_BUNDLE_IDENTIFIER = com.herban.DungeonOOPUITests;
				PRODUCT_NAME = "$(TARGET_NAME)";
				SWIFT_VERSION = 3.0;
				TEST_TARGET_NAME = DungeonOOP;
				USES_XCTRUNNER = YES;
			};
			name = Release;
		};
/* End XCBuildConfiguration section */

/* Begin XCConfigurationList section */
		E9AF9B9C1C8916010020B83E /* Build configuration list for PBXProject "DungeonOOP" */ = {
			isa = XCConfigurationList;
			buildConfigurations = (
				E9AF9BC71C8916060020B83E /* Debug */,
				E9AF9BC81C8916060020B83E /* Release */,
			);
			defaultConfigurationIsVisible = 0;
			defaultConfigurationName = Release;
		};
		E9AF9BC91C8916060020B83E /* Build configuration list for PBXNativeTarget "DungeonOOP" */ = {
			isa = XCConfigurationList;
			buildConfigurations = (
				E9AF9BCA1C8916060020B83E /* Debug */,
				E9AF9BCB1C8916060020B83E /* Release */,
			);
			defaultConfigurationIsVisible = 0;
			defaultConfigurationName = Release;
		};
		E9AF9BCC1C8916060020B83E /* Build configuration list for PBXNativeTarget "DungeonOOPTests" */ = {
			isa = XCConfigurationList;
			buildConfigurations = (
				E9AF9BCD1C8916060020B83E /* Debug */,
				E9AF9BCE1C8916060020B83E /* Release */,
			);
			defaultConfigurationIsVisible = 0;
			defaultConfigurationName = Release;
		};
		E9AF9BCF1C8916060020B83E /* Build configuration list for PBXNativeTarget "DungeonOOPUITests" */ = {
			isa = XCConfigurationList;
			buildConfigurations = (
				E9AF9BD01C8916060020B83E /* Debug */,
				E9AF9BD11C8916060020B83E /* Release */,
			);
			defaultConfigurationIsVisible = 0;
			defaultConfigurationName = Release;
		};
/* End XCConfigurationList section */
	};
	rootObject = E9AF9B991C8916010020B83E /* Project object */;
}
